
Microsoft Visual Studio Solution File, Format Version 12.00
Project("{FAE04EC0-301F-11D3-BF4B-00C04F79EFBC}") = "MarineAnimalsAPI", "MarineAnimalsAPI\MarineAnimalsAPI.csproj", "{7C418E5D-F7DF-451E-A1D1-1B7CC851D066}"
EndProject
Project("{FAE04EC0-301F-11D3-BF4B-00C04F79EFBC}") = "MarineAnimalsAPI.Core", "MarineAnimalsAPI.Core\MarineAnimalsAPI.Core.csproj", "{AB41CAD5-F169-4B5B-AD53-2E8C885219FE}"
EndProject
Project("{FAE04EC0-301F-11D3-BF4B-00C04F79EFBC}") = "MarineAnimalsAPI.Infrastructure", "MarineAnimalsAPI.Infrastructure\MarineAnimalsAPI.Infrastructure.csproj", "{8F87DDCD-8931-4CDE-AB3B-BC2C2A6E1B54}"
EndProject
Project("{FAE04EC0-301F-11D3-BF4B-00C04F79EFBC}") = "MarineAnimalsAPI.Tests", "MarineAnimalsAPI.Tests\MarineAnimalsAPI.Tests.csproj", "{C7DB345C-B842-42F9-AF1E-E633238FE017}"
EndProject
Global
	GlobalSection(SolutionConfigurationPlatforms) = preSolution
		Debug|Any CPU = Debug|Any CPU
		Release|Any CPU = Release|Any CPU
	EndGlobalSection
	GlobalSection(ProjectConfigurationPlatforms) = postSolution
		{7C418E5D-F7DF-451E-A1D1-1B7CC851D066}.Debug|Any CPU.ActiveCfg = Debug|Any CPU
		{7C418E5D-F7DF-451E-A1D1-1B7CC851D066}.Debug|Any CPU.Build.0 = Debug|Any CPU
		{7C418E5D-F7DF-451E-A1D1-1B7CC851D066}.Release|Any CPU.ActiveCfg = Release|Any CPU
		{7C418E5D-F7DF-451E-A1D1-1B7CC851D066}.Release|Any CPU.Build.0 = Release|Any CPU
		{AB41CAD5-F169-4B5B-AD53-2E8C885219FE}.Debug|Any CPU.ActiveCfg = Debug|Any CPU
		{AB41CAD5-F169-4B5B-AD53-2E8C885219FE}.Debug|Any CPU.Build.0 = Debug|Any CPU
		{AB41CAD5-F169-4B5B-AD53-2E8C885219FE}.Release|Any CPU.ActiveCfg = Release|Any CPU
		{AB41CAD5-F169-4B5B-AD53-2E8C885219FE}.Release|Any CPU.Build.0 = Release|Any CPU
		{8F87DDCD-8931-4CDE-AB3B-BC2C2A6E1B54}.Debug|Any CPU.ActiveCfg = Debug|Any CPU
		{8F87DDCD-8931-4CDE-AB3B-BC2C2A6E1B54}.Debug|Any CPU.Build.0 = Debug|Any CPU
		{8F87DDCD-8931-4CDE-AB3B-BC2C2A6E1B54}.Release|Any CPU.ActiveCfg = Release|Any CPU
		{8F87DDCD-8931-4CDE-AB3B-BC2C2A6E1B54}.Release|Any CPU.Build.0 = Release|Any CPU
		{C7DB345C-B842-42F9-AF1E-E633238FE017}.Debug|Any CPU.ActiveCfg = Debug|Any CPU
		{C7DB345C-B842-42F9-AF1E-E633238FE017}.Debug|Any CPU.Build.0 = Debug|Any CPU
		{C7DB345C-B842-42F9-AF1E-E633238FE017}.Release|Any CPU.ActiveCfg = Release|Any CPU
		{C7DB345C-B842-42F9-AF1E-E633238FE017}.Release|Any CPU.Build.0 = Release|Any CPU
	EndGlobalSection
EndGlobal
